
Microsoft Visual Studio Solution File, Format Version 12.00
# Visual Studio Version 16
VisualStudioVersion = 16.0.30621.155
MinimumVisualStudioVersion = 10.0.40219.1
Project("{9A19103F-16F7-4668-BE54-9A1E7A4F7556}") = "Task_438", "Task_438\Task_438.csproj", "{6F595908-E23C-49FA-B716-D54766CC1F7E}"
EndProject
Project("{9A19103F-16F7-4668-BE54-9A1E7A4F7556}") = "Task_499", "Task_499\Task_499.csproj", "{1D3B8DAF-371A-464D-A4FF-929210E9C181}"
EndProject
Project("{9A19103F-16F7-4668-BE54-9A1E7A4F7556}") = "Task_506", "Task_506\Task_506.csproj", "{8090B61B-B364-45A4-B1C1-E4B80EF7BB65}"
EndProject
Project("{9A19103F-16F7-4668-BE54-9A1E7A4F7556}") = "Task_522", "Task_522\Task_522.csproj", "{007AB41C-1DFD-4717-8FA6-535C1122497D}"
EndProject
Project("{9A19103F-16F7-4668-BE54-9A1E7A4F7556}") = "Task_606", "Task_606\Task_606.csproj", "{D88D290A-6231-4C85-A8BF-C8B571B3CEAC}"
EndProject
Project("{9A19103F-16F7-4668-BE54-9A1E7A4F7556}") = "Task_609", "Task_609\Task_609.csproj", "{BE478EEE-4F72-4552-A65F-B22A7015E623}"
EndProject
Project("{8BC9CEB8-8B4A-11D0-8D11-00A0C91BC942}") = "Task_617", "Task_617\Task_617.vcxproj", "{3AC69E48-E4A9-41D6-896D-28A771BAEE9E}"
EndProject
Project("{9A19103F-16F7-4668-BE54-9A1E7A4F7556}") = "Task_619_2", "Task_619_2\Task_619_2.csproj", "{25A2C1C9-010E-4031-8156-6290B3EE7702}"
EndProject
Project("{FAE04EC0-301F-11D3-BF4B-00C04F79EFBC}") = "Tak_626", "Tak_626\Tak_626.csproj", "{F3B4221F-0D45-427A-9C4C-979952A398BC}"
EndProject
Project("{FAE04EC0-301F-11D3-BF4B-00C04F79EFBC}") = "Task_663_2", "Task_663_2\Task_663_2.csproj", "{AE507DFD-0F11-454F-91CB-884C0588417C}"
EndProject
Project("{FAE04EC0-301F-11D3-BF4B-00C04F79EFBC}") = "T5ask_549_2", "T5ask_549_2\T5ask_549_2.csproj", "{D2FBD0E4-943F-4CFE-9579-87D2352DBAB0}"
EndProject
Project("{FAE04EC0-301F-11D3-BF4B-00C04F79EFBC}") = "Task_708", "Task_708\Task_708.csproj", "{7E9BBE9F-C2C2-484B-A038-8E5434D77E52}"
EndProject
Project("{FAE04EC0-301F-11D3-BF4B-00C04F79EFBC}") = "Task_804", "Task_804\Task_804.csproj", "{4D6D65EA-024D-4946-8140-6098DD657253}"
EndProject
Global
	GlobalSection(SolutionConfigurationPlatforms) = preSolution
		Debug|Any CPU = Debug|Any CPU
		Debug|x64 = Debug|x64
		Debug|x86 = Debug|x86
		Release|Any CPU = Release|Any CPU
		Release|x64 = Release|x64
		Release|x86 = Release|x86
	EndGlobalSection
	GlobalSection(ProjectConfigurationPlatforms) = postSolution
		{6F595908-E23C-49FA-B716-D54766CC1F7E}.Debug|Any CPU.ActiveCfg = Debug|Any CPU
		{6F595908-E23C-49FA-B716-D54766CC1F7E}.Debug|Any CPU.Build.0 = Debug|Any CPU
		{6F595908-E23C-49FA-B716-D54766CC1F7E}.Debug|x64.ActiveCfg = Debug|Any CPU
		{6F595908-E23C-49FA-B716-D54766CC1F7E}.Debug|x64.Build.0 = Debug|Any CPU
		{6F595908-E23C-49FA-B716-D54766CC1F7E}.Debug|x86.ActiveCfg = Debug|Any CPU
		{6F595908-E23C-49FA-B716-D54766CC1F7E}.Debug|x86.Build.0 = Debug|Any CPU
		{6F595908-E23C-49FA-B716-D54766CC1F7E}.Release|Any CPU.ActiveCfg = Release|Any CPU
		{6F595908-E23C-49FA-B716-D54766CC1F7E}.Release|Any CPU.Build.0 = Release|Any CPU
		{6F595908-E23C-49FA-B716-D54766CC1F7E}.Release|x64.ActiveCfg = Release|Any CPU
		{6F595908-E23C-49FA-B716-D54766CC1F7E}.Release|x64.Build.0 = Release|Any CPU
		{6F595908-E23C-49FA-B716-D54766CC1F7E}.Release|x86.ActiveCfg = Release|Any CPU
		{6F595908-E23C-49FA-B716-D54766CC1F7E}.Release|x86.Build.0 = Release|Any CPU
		{1D3B8DAF-371A-464D-A4FF-929210E9C181}.Debug|Any CPU.ActiveCfg = Debug|Any CPU
		{1D3B8DAF-371A-464D-A4FF-929210E9C181}.Debug|Any CPU.Build.0 = Debug|Any CPU
		{1D3B8DAF-371A-464D-A4FF-929210E9C181}.Debug|x64.ActiveCfg = Debug|Any CPU
		{1D3B8DAF-371A-464D-A4FF-929210E9C181}.Debug|x64.Build.0 = Debug|Any CPU
		{1D3B8DAF-371A-464D-A4FF-929210E9C181}.Debug|x86.ActiveCfg = Debug|Any CPU
		{1D3B8DAF-371A-464D-A4FF-929210E9C181}.Debug|x86.Build.0 = Debug|Any CPU
		{1D3B8DAF-371A-464D-A4FF-929210E9C181}.Release|Any CPU.ActiveCfg = Release|Any CPU
		{1D3B8DAF-371A-464D-A4FF-929210E9C181}.Release|Any CPU.Build.0 = Release|Any CPU
		{1D3B8DAF-371A-464D-A4FF-929210E9C181}.Release|x64.ActiveCfg = Release|Any CPU
		{1D3B8DAF-371A-464D-A4FF-929210E9C181}.Release|x64.Build.0 = Release|Any CPU
		{1D3B8DAF-371A-464D-A4FF-929210E9C181}.Release|x86.ActiveCfg = Release|Any CPU
		{1D3B8DAF-371A-464D-A4FF-929210E9C181}.Release|x86.Build.0 = Release|Any CPU
		{8090B61B-B364-45A4-B1C1-E4B80EF7BB65}.Debug|Any CPU.ActiveCfg = Debug|Any CPU
		{8090B61B-B364-45A4-B1C1-E4B80EF7BB65}.Debug|Any CPU.Build.0 = Debug|Any CPU
		{8090B61B-B364-45A4-B1C1-E4B80EF7BB65}.Debug|x64.ActiveCfg = Debug|Any CPU
		{8090B61B-B364-45A4-B1C1-E4B80EF7BB65}.Debug|x64.Build.0 = Debug|Any CPU
		{8090B61B-B364-45A4-B1C1-E4B80EF7BB65}.Debug|x86.ActiveCfg = Debug|Any CPU
		{8090B61B-B364-45A4-B1C1-E4B80EF7BB65}.Debug|x86.Build.0 = Debug|Any CPU
		{8090B61B-B364-45A4-B1C1-E4B80EF7BB65}.Release|Any CPU.ActiveCfg = Release|Any CPU
		{8090B61B-B364-45A4-B1C1-E4B80EF7BB65}.Release|Any CPU.Build.0 = Release|Any CPU
		{8090B61B-B364-45A4-B1C1-E4B80EF7BB65}.Release|x64.ActiveCfg = Release|Any CPU
		{8090B61B-B364-45A4-B1C1-E4B80EF7BB65}.Release|x64.Build.0 = Release|Any CPU
		{8090B61B-B364-45A4-B1C1-E4B80EF7BB65}.Release|x86.ActiveCfg = Release|Any CPU
		{8090B61B-B364-45A4-B1C1-E4B80EF7BB65}.Release|x86.Build.0 = Release|Any CPU
		{007AB41C-1DFD-4717-8FA6-535C1122497D}.Debug|Any CPU.ActiveCfg = Debug|Any CPU
		{007AB41C-1DFD-4717-8FA6-535C1122497D}.Debug|Any CPU.Build.0 = Debug|Any CPU
		{007AB41C-1DFD-4717-8FA6-535C1122497D}.Debug|x64.ActiveCfg = Debug|Any CPU
		{007AB41C-1DFD-4717-8FA6-535C1122497D}.Debug|x64.Build.0 = Debug|Any CPU
		{007AB41C-1DFD-4717-8FA6-535C1122497D}.Debug|x86.ActiveCfg = Debug|Any CPU
		{007AB41C-1DFD-4717-8FA6-535C1122497D}.Debug|x86.Build.0 = Debug|Any CPU
		{007AB41C-1DFD-4717-8FA6-535C1122497D}.Release|Any CPU.ActiveCfg = Release|Any CPU
		{007AB41C-1DFD-4717-8FA6-535C1122497D}.Release|Any CPU.Build.0 = Release|Any CPU
		{007AB41C-1DFD-4717-8FA6-535C1122497D}.Release|x64.ActiveCfg = Release|Any CPU
		{007AB41C-1DFD-4717-8FA6-535C1122497D}.Release|x64.Build.0 = Release|Any CPU
		{007AB41C-1DFD-4717-8FA6-535C1122497D}.Release|x86.ActiveCfg = Release|Any CPU
		{007AB41C-1DFD-4717-8FA6-535C1122497D}.Release|x86.Build.0 = Release|Any CPU
		{D88D290A-6231-4C85-A8BF-C8B571B3CEAC}.Debug|Any CPU.ActiveCfg = Debug|Any CPU
		{D88D290A-6231-4C85-A8BF-C8B571B3CEAC}.Debug|Any CPU.Build.0 = Debug|Any CPU
		{D88D290A-6231-4C85-A8BF-C8B571B3CEAC}.Debug|x64.ActiveCfg = Debug|Any CPU
		{D88D290A-6231-4C85-A8BF-C8B571B3CEAC}.Debug|x64.Build.0 = Debug|Any CPU
		{D88D290A-6231-4C85-A8BF-C8B571B3CEAC}.Debug|x86.ActiveCfg = Debug|Any CPU
		{D88D290A-6231-4C85-A8BF-C8B571B3CEAC}.Debug|x86.Build.0 = Debug|Any CPU
		{D88D290A-6231-4C85-A8BF-C8B571B3CEAC}.Release|Any CPU.ActiveCfg = Release|Any CPU
		{D88D290A-6231-4C85-A8BF-C8B571B3CEAC}.Release|Any CPU.Build.0 = Release|Any CPU
		{D88D290A-6231-4C85-A8BF-C8B571B3CEAC}.Release|x64.ActiveCfg = Release|Any CPU
		{D88D290A-6231-4C85-A8BF-C8B571B3CEAC}.Release|x64.Build.0 = Release|Any CPU
		{D88D290A-6231-4C85-A8BF-C8B571B3CEAC}.Release|x86.ActiveCfg = Release|Any CPU
		{D88D290A-6231-4C85-A8BF-C8B571B3CEAC}.Release|x86.Build.0 = Release|Any CPU
		{BE478EEE-4F72-4552-A65F-B22A7015E623}.Debug|Any CPU.ActiveCfg = Debug|Any CPU
		{BE478EEE-4F72-4552-A65F-B22A7015E623}.Debug|Any CPU.Build.0 = Debug|Any CPU
		{BE478EEE-4F72-4552-A65F-B22A7015E623}.Debug|x64.ActiveCfg = Debug|Any CPU
		{BE478EEE-4F72-4552-A65F-B22A7015E623}.Debug|x64.Build.0 = Debug|Any CPU
		{BE478EEE-4F72-4552-A65F-B22A7015E623}.Debug|x86.ActiveCfg = Debug|Any CPU
		{BE478EEE-4F72-4552-A65F-B22A7015E623}.Debug|x86.Build.0 = Debug|Any CPU
		{BE478EEE-4F72-4552-A65F-B22A7015E623}.Release|Any CPU.ActiveCfg = Release|Any CPU
		{BE478EEE-4F72-4552-A65F-B22A7015E623}.Release|Any CPU.Build.0 = Release|Any CPU
		{BE478EEE-4F72-4552-A65F-B22A7015E623}.Release|x64.ActiveCfg = Release|Any CPU
		{BE478EEE-4F72-4552-A65F-B22A7015E623}.Release|x64.Build.0 = Release|Any CPU
		{BE478EEE-4F72-4552-A65F-B22A7015E623}.Release|x86.ActiveCfg = Release|Any CPU
		{BE478EEE-4F72-4552-A65F-B22A7015E623}.Release|x86.Build.0 = Release|Any CPU
		{3AC69E48-E4A9-41D6-896D-28A771BAEE9E}.Debug|Any CPU.ActiveCfg = Debug|Win32
		{3AC69E48-E4A9-41D6-896D-28A771BAEE9E}.Debug|x64.ActiveCfg = Debug|x64
		{3AC69E48-E4A9-41D6-896D-28A771BAEE9E}.Debug|x64.Build.0 = Debug|x64
		{3AC69E48-E4A9-41D6-896D-28A771BAEE9E}.Debug|x86.ActiveCfg = Debug|Win32
		{3AC69E48-E4A9-41D6-896D-28A771BAEE9E}.Debug|x86.Build.0 = Debug|Win32
		{3AC69E48-E4A9-41D6-896D-28A771BAEE9E}.Release|Any CPU.ActiveCfg = Release|Win32
		{3AC69E48-E4A9-41D6-896D-28A771BAEE9E}.Release|x64.ActiveCfg = Release|x64
		{3AC69E48-E4A9-41D6-896D-28A771BAEE9E}.Release|x64.Build.0 = Release|x64
		{3AC69E48-E4A9-41D6-896D-28A771BAEE9E}.Release|x86.ActiveCfg = Release|Win32
		{3AC69E48-E4A9-41D6-896D-28A771BAEE9E}.Release|x86.Build.0 = Release|Win32
		{25A2C1C9-010E-4031-8156-6290B3EE7702}.Debug|Any CPU.ActiveCfg = Debug|Any CPU
		{25A2C1C9-010E-4031-8156-6290B3EE7702}.Debug|Any CPU.Build.0 = Debug|Any CPU
		{25A2C1C9-010E-4031-8156-6290B3EE7702}.Debug|x64.ActiveCfg = Debug|Any CPU
		{25A2C1C9-010E-4031-8156-6290B3EE7702}.Debug|x64.Build.0 = Debug|Any CPU
		{25A2C1C9-010E-4031-8156-6290B3EE7702}.Debug|x86.ActiveCfg = Debug|Any CPU
		{25A2C1C9-010E-4031-8156-6290B3EE7702}.Debug|x86.Build.0 = Debug|Any CPU
		{25A2C1C9-010E-4031-8156-6290B3EE7702}.Release|Any CPU.ActiveCfg = Release|Any CPU
		{25A2C1C9-010E-4031-8156-6290B3EE7702}.Release|Any CPU.Build.0 = Release|Any CPU
		{25A2C1C9-010E-4031-8156-6290B3EE7702}.Release|x64.ActiveCfg = Release|Any CPU
		{25A2C1C9-010E-4031-8156-6290B3EE7702}.Release|x64.Build.0 = Release|Any CPU
		{25A2C1C9-010E-4031-8156-6290B3EE7702}.Release|x86.ActiveCfg = Release|Any CPU
		{25A2C1C9-010E-4031-8156-6290B3EE7702}.Release|x86.Build.0 = Release|Any CPU
		{F3B4221F-0D45-427A-9C4C-979952A398BC}.Debug|Any CPU.ActiveCfg = Debug|Any CPU
		{F3B4221F-0D45-427A-9C4C-979952A398BC}.Debug|Any CPU.Build.0 = Debug|Any CPU
		{F3B4221F-0D45-427A-9C4C-979952A398BC}.Debug|x64.ActiveCfg = Debug|Any CPU
		{F3B4221F-0D45-427A-9C4C-979952A398BC}.Debug|x64.Build.0 = Debug|Any CPU
		{F3B4221F-0D45-427A-9C4C-979952A398BC}.Debug|x86.ActiveCfg = Debug|Any CPU
		{F3B4221F-0D45-427A-9C4C-979952A398BC}.Debug|x86.Build.0 = Debug|Any CPU
		{F3B4221F-0D45-427A-9C4C-979952A398BC}.Release|Any CPU.ActiveCfg = Release|Any CPU
		{F3B4221F-0D45-427A-9C4C-979952A398BC}.Release|Any CPU.Build.0 = Release|Any CPU
		{F3B4221F-0D45-427A-9C4C-979952A398BC}.Release|x64.ActiveCfg = Release|Any CPU
		{F3B4221F-0D45-427A-9C4C-979952A398BC}.Release|x64.Build.0 = Release|Any CPU
		{F3B4221F-0D45-427A-9C4C-979952A398BC}.Release|x86.ActiveCfg = Release|Any CPU
		{F3B4221F-0D45-427A-9C4C-979952A398BC}.Release|x86.Build.0 = Release|Any CPU
		{AE507DFD-0F11-454F-91CB-884C0588417C}.Debug|Any CPU.ActiveCfg = Debug|Any CPU
		{AE507DFD-0F11-454F-91CB-884C0588417C}.Debug|Any CPU.Build.0 = Debug|Any CPU
		{AE507DFD-0F11-454F-91CB-884C0588417C}.Debug|x64.ActiveCfg = Debug|Any CPU
		{AE507DFD-0F11-454F-91CB-884C0588417C}.Debug|x64.Build.0 = Debug|Any CPU
		{AE507DFD-0F11-454F-91CB-884C0588417C}.Debug|x86.ActiveCfg = Debug|Any CPU
		{AE507DFD-0F11-454F-91CB-884C0588417C}.Debug|x86.Build.0 = Debug|Any CPU
		{AE507DFD-0F11-454F-91CB-884C0588417C}.Release|Any CPU.ActiveCfg = Release|Any CPU
		{AE507DFD-0F11-454F-91CB-884C0588417C}.Release|Any CPU.Build.0 = Release|Any CPU
		{AE507DFD-0F11-454F-91CB-884C0588417C}.Release|x64.ActiveCfg = Release|Any CPU
		{AE507DFD-0F11-454F-91CB-884C0588417C}.Release|x64.Build.0 = Release|Any CPU
		{AE507DFD-0F11-454F-91CB-884C0588417C}.Release|x86.ActiveCfg = Release|Any CPU
		{AE507DFD-0F11-454F-91CB-884C0588417C}.Release|x86.Build.0 = Release|Any CPU
		{D2FBD0E4-943F-4CFE-9579-87D2352DBAB0}.Debug|Any CPU.ActiveCfg = Debug|Any CPU
		{D2FBD0E4-943F-4CFE-9579-87D2352DBAB0}.Debug|Any CPU.Build.0 = Debug|Any CPU
		{D2FBD0E4-943F-4CFE-9579-87D2352DBAB0}.Debug|x64.ActiveCfg = Debug|Any CPU
		{D2FBD0E4-943F-4CFE-9579-87D2352DBAB0}.Debug|x64.Build.0 = Debug|Any CPU
		{D2FBD0E4-943F-4CFE-9579-87D2352DBAB0}.Debug|x86.ActiveCfg = Debug|Any CPU
		{D2FBD0E4-943F-4CFE-9579-87D2352DBAB0}.Debug|x86.Build.0 = Debug|Any CPU
		{D2FBD0E4-943F-4CFE-9579-87D2352DBAB0}.Release|Any CPU.ActiveCfg = Release|Any CPU
		{D2FBD0E4-943F-4CFE-9579-87D2352DBAB0}.Release|Any CPU.Build.0 = Release|Any CPU
		{D2FBD0E4-943F-4CFE-9579-87D2352DBAB0}.Release|x64.ActiveCfg = Release|Any CPU
		{D2FBD0E4-943F-4CFE-9579-87D2352DBAB0}.Release|x64.Build.0 = Release|Any CPU
		{D2FBD0E4-943F-4CFE-9579-87D2352DBAB0}.Release|x86.ActiveCfg = Release|Any CPU
		{D2FBD0E4-943F-4CFE-9579-87D2352DBAB0}.Release|x86.Build.0 = Release|Any CPU
		{7E9BBE9F-C2C2-484B-A038-8E5434D77E52}.Debug|Any CPU.ActiveCfg = Debug|Any CPU
		{7E9BBE9F-C2C2-484B-A038-8E5434D77E52}.Debug|Any CPU.Build.0 = Debug|Any CPU
		{7E9BBE9F-C2C2-484B-A038-8E5434D77E52}.Debug|x64.ActiveCfg = Debug|Any CPU
		{7E9BBE9F-C2C2-484B-A038-8E5434D77E52}.Debug|x64.Build.0 = Debug|Any CPU
		{7E9BBE9F-C2C2-484B-A038-8E5434D77E52}.Debug|x86.ActiveCfg = Debug|Any CPU
		{7E9BBE9F-C2C2-484B-A038-8E5434D77E52}.Debug|x86.Build.0 = Debug|Any CPU
		{7E9BBE9F-C2C2-484B-A038-8E5434D77E52}.Release|Any CPU.ActiveCfg = Release|Any CPU
		{7E9BBE9F-C2C2-484B-A038-8E5434D77E52}.Release|Any CPU.Build.0 = Release|Any CPU
		{7E9BBE9F-C2C2-484B-A038-8E5434D77E52}.Release|x64.ActiveCfg = Release|Any CPU
		{7E9BBE9F-C2C2-484B-A038-8E5434D77E52}.Release|x64.Build.0 = Release|Any CPU
		{7E9BBE9F-C2C2-484B-A038-8E5434D77E52}.Release|x86.ActiveCfg = Release|Any CPU
		{7E9BBE9F-C2C2-484B-A038-8E5434D77E52}.Release|x86.Build.0 = Release|Any CPU
		{4D6D65EA-024D-4946-8140-6098DD657253}.Debug|Any CPU.ActiveCfg = Debug|Any CPU
		{4D6D65EA-024D-4946-8140-6098DD657253}.Debug|Any CPU.Build.0 = Debug|Any CPU
		{4D6D65EA-024D-4946-8140-6098DD657253}.Debug|x64.ActiveCfg = Debug|Any CPU
		{4D6D65EA-024D-4946-8140-6098DD657253}.Debug|x64.Build.0 = Debug|Any CPU
		{4D6D65EA-024D-4946-8140-6098DD657253}.Debug|x86.ActiveCfg = Debug|Any CPU
		{4D6D65EA-024D-4946-8140-6098DD657253}.Debug|x86.Build.0 = Debug|Any CPU
		{4D6D65EA-024D-4946-8140-6098DD657253}.Release|Any CPU.ActiveCfg = Release|Any CPU
		{4D6D65EA-024D-4946-8140-6098DD657253}.Release|Any CPU.Build.0 = Release|Any CPU
		{4D6D65EA-024D-4946-8140-6098DD657253}.Release|x64.ActiveCfg = Release|Any CPU
		{4D6D65EA-024D-4946-8140-6098DD657253}.Release|x64.Build.0 = Release|Any CPU
		{4D6D65EA-024D-4946-8140-6098DD657253}.Release|x86.ActiveCfg = Release|Any CPU
		{4D6D65EA-024D-4946-8140-6098DD657253}.Release|x86.Build.0 = Release|Any CPU
	EndGlobalSection
	GlobalSection(SolutionProperties) = preSolution
		HideSolutionNode = FALSE
	EndGlobalSection
	GlobalSection(ExtensibilityGlobals) = postSolution
		SolutionGuid = {2C88B597-519B-433D-A106-7E202A9250FF}
	EndGlobalSection
EndGlobal
